{
  "version": 4,
  "terraform_version": "1.2.2",
  "serial": 1,
  "lineage": "23af8216-a13a-4256-d9e4-8a6a53396701",
  "outputs": {},
  "resources": [
    {
      "mode": "managed",
      "type": "aws_vpc",
      "name": "Test---vpc",
      "provider": "provider[\"registry.terraform.io/hashicorp/aws\"]",
      "instances": [
        {
          "schema_version": 1,
          "attributes": {
            "arn": "arn:aws:ec2:ap-south-1:724457010663:vpc/vpc-0c8cd4d296b24a4bc",
            "assign_generated_ipv6_cidr_block": false,
            "cidr_block": "11.11.0.0/16",
            "default_network_acl_id": "acl-0088b17fba9ff3fe8",
            "default_route_table_id": "rtb-0f97b82a4693c1a14",
            "default_security_group_id": "sg-00512e2f31b3dbf84",
            "dhcp_options_id": "dopt-0261b3e8d3eddab79",
            "enable_classiclink": false,
            "enable_classiclink_dns_support": false,
            "enable_dns_hostnames": false,
            "enable_dns_support": true,
            "id": "vpc-0c8cd4d296b24a4bc",
            "instance_tenancy": "default",
            "ipv4_ipam_pool_id": null,
            "ipv4_netmask_length": null,
            "ipv6_association_id": "",
            "ipv6_cidr_block": "",
            "ipv6_cidr_block_network_border_group": "",
            "ipv6_ipam_pool_id": "",
            "ipv6_netmask_length": 0,
            "main_route_table_id": "rtb-0f97b82a4693c1a14",
            "owner_id": "724457010663",
            "tags": {
              "Name": "Test---vpc"
            },
            "tags_all": {
              "Name": "Test---vpc"
            }
          },
          "sensitive_attributes": [],
          "private": "eyJzY2hlbWFfdmVyc2lvbiI6IjEifQ=="
        }
      ]
    }
  ]
}
